
Microsoft Visual Studio Solution File, Format Version 12.00
# Visual Studio Version 17
VisualStudioVersion = 17.8.34330.188
MinimumVisualStudioVersion = 10.0.40219.1
Project("{FAE04EC0-301F-11D3-BF4B-00C04F79EFBC}") = "1-Methods", "1-Methods\1-Methods.csproj", "{131D85D4-74CE-4617-9140-31CDC3DD61D0}"
EndProject
Project("{FAE04EC0-301F-11D3-BF4B-00C04F79EFBC}") = "2-Classes", "2-Classes\2-Classes.csproj", "{48F97C6B-A50B-4DC8-94E8-1475B83067E8}"
EndProject
Project("{FAE04EC0-301F-11D3-BF4B-00C04F79EFBC}") = "3-Employees", "3-Employees\3-Employees.csproj", "{C7A33117-824E-4748-A4BE-D32B3C556DD8}"
EndProject
Global
	GlobalSection(SolutionConfigurationPlatforms) = preSolution
		Debug|Any CPU = Debug|Any CPU
		Release|Any CPU = Release|Any CPU
	EndGlobalSection
	GlobalSection(ProjectConfigurationPlatforms) = postSolution
		{131D85D4-74CE-4617-9140-31CDC3DD61D0}.Debug|Any CPU.ActiveCfg = Debug|Any CPU
		{131D85D4-74CE-4617-9140-31CDC3DD61D0}.Debug|Any CPU.Build.0 = Debug|Any CPU
		{131D85D4-74CE-4617-9140-31CDC3DD61D0}.Release|Any CPU.ActiveCfg = Release|Any CPU
		{131D85D4-74CE-4617-9140-31CDC3DD61D0}.Release|Any CPU.Build.0 = Release|Any CPU
		{48F97C6B-A50B-4DC8-94E8-1475B83067E8}.Debug|Any CPU.ActiveCfg = Debug|Any CPU
		{48F97C6B-A50B-4DC8-94E8-1475B83067E8}.Debug|Any CPU.Build.0 = Debug|Any CPU
		{48F97C6B-A50B-4DC8-94E8-1475B83067E8}.Release|Any CPU.ActiveCfg = Release|Any CPU
		{48F97C6B-A50B-4DC8-94E8-1475B83067E8}.Release|Any CPU.Build.0 = Release|Any CPU
		{C7A33117-824E-4748-A4BE-D32B3C556DD8}.Debug|Any CPU.ActiveCfg = Debug|Any CPU
		{C7A33117-824E-4748-A4BE-D32B3C556DD8}.Debug|Any CPU.Build.0 = Debug|Any CPU
		{C7A33117-824E-4748-A4BE-D32B3C556DD8}.Release|Any CPU.ActiveCfg = Release|Any CPU
		{C7A33117-824E-4748-A4BE-D32B3C556DD8}.Release|Any CPU.Build.0 = Release|Any CPU
	EndGlobalSection
	GlobalSection(SolutionProperties) = preSolution
		HideSolutionNode = FALSE
	EndGlobalSection
	GlobalSection(ExtensibilityGlobals) = postSolution
		SolutionGuid = {921AB967-A710-4AC8-8706-776AD409DE09}
	EndGlobalSection
EndGlobal
